{
  "originHash" : "e9035880cf341f9e487323d753b29239f82689e68c4cf4c6093a1db4c73ac6f2",
  "pins" : [
    {
      "identity" : "aptabase-swift",
      "kind" : "remoteSourceControl",
      "location" : "https://github.com/aptabase/aptabase-swift",
      "state" : {
        "revision" : "cfd67fac2a228d448d9d2ac92ffc71589cc3ef00",
        "version" : "0.3.11"
      }
    },
    {
      "identity" : "sentry-cocoa",
      "kind" : "remoteSourceControl",
      "location" : "https://github.com/getsentry/sentry-cocoa",
      "state" : {
        "revision" : "d459ff99b1912c9603c9e607e030b4b98e2e199a",
        "version" : "9.9.0"
      }
    }
  ],
  "version" : 3
}
